
Microsoft Visual Studio Solution File, Format Version 12.00
# Visual Studio Version 17
VisualStudioVersion = 17.5.002.0
MinimumVisualStudioVersion = 10.0.40219.1
Project("{9A19103F-16F7-4668-BE54-9A1E7A4F7556}") = "MimoBackend_Oct24.API", "MimoBackend_Oct24.API.csproj", "{DF168E8F-F4EE-4D83-8473-08A0C04538EB}"
EndProject
Global
	GlobalSection(SolutionConfigurationPlatforms) = preSolution
		Debug|Any CPU = Debug|Any CPU
		Release|Any CPU = Release|Any CPU
	EndGlobalSection
	GlobalSection(ProjectConfigurationPlatforms) = postSolution
		{DF168E8F-F4EE-4D83-8473-08A0C04538EB}.Debug|Any CPU.ActiveCfg = Debug|Any CPU
		{DF168E8F-F4EE-4D83-8473-08A0C04538EB}.Debug|Any CPU.Build.0 = Debug|Any CPU
		{DF168E8F-F4EE-4D83-8473-08A0C04538EB}.Release|Any CPU.ActiveCfg = Release|Any CPU
		{DF168E8F-F4EE-4D83-8473-08A0C04538EB}.Release|Any CPU.Build.0 = Release|Any CPU
	EndGlobalSection
	GlobalSection(SolutionProperties) = preSolution
		HideSolutionNode = FALSE
	EndGlobalSection
	GlobalSection(ExtensibilityGlobals) = postSolution
		SolutionGuid = {DE6BB1E8-39B8-407F-A307-DD91925802F2}
	EndGlobalSection
EndGlobal
